
Microsoft Visual Studio Solution File, Format Version 12.00
# Visual Studio 15
Project("{FAE04EC0-301F-11D3-BF4B-00C04F79EFBC}") = "Twitchbot.Common.Base", "Twitchbot.Common.Base.csproj", "{1A335C5B-80C2-419A-846E-7CEB1E355BD9}"
EndProject
Global
	GlobalSection(SolutionConfigurationPlatforms) = preSolution
		Debug|Any CPU = Debug|Any CPU
		Release|Any CPU = Release|Any CPU
	EndGlobalSection
	GlobalSection(ProjectConfigurationPlatforms) = postSolution
		{1A335C5B-80C2-419A-846E-7CEB1E355BD9}.Debug|Any CPU.ActiveCfg = Debug|Any CPU
		{1A335C5B-80C2-419A-846E-7CEB1E355BD9}.Debug|Any CPU.Build.0 = Debug|Any CPU
		{1A335C5B-80C2-419A-846E-7CEB1E355BD9}.Release|Any CPU.ActiveCfg = Release|Any CPU
		{1A335C5B-80C2-419A-846E-7CEB1E355BD9}.Release|Any CPU.Build.0 = Release|Any CPU
	EndGlobalSection
EndGlobal
